
Microsoft Visual Studio Solution File, Format Version 12.00
# Visual Studio Version 17
VisualStudioVersion = 17.11.35219.272
MinimumVisualStudioVersion = 10.0.40219.1
Project("{FAE04EC0-301F-11D3-BF4B-00C04F79EFBC}") = "MailTrapConnector", "MailTrapConnector\MailTrapConnector.csproj", "{C41F26B9-3936-4823-8764-186630990707}"
EndProject
Project("{FAE04EC0-301F-11D3-BF4B-00C04F79EFBC}") = "MailTrapServiceTester", "MailTrapServiceTester\MailTrapServiceTester.csproj", "{30713141-4429-4590-BE0F-191F771C2815}"
EndProject
Global
	GlobalSection(SolutionConfigurationPlatforms) = preSolution
		Debug|Any CPU = Debug|Any CPU
		Release|Any CPU = Release|Any CPU
	EndGlobalSection
	GlobalSection(ProjectConfigurationPlatforms) = postSolution
		{C41F26B9-3936-4823-8764-186630990707}.Debug|Any CPU.ActiveCfg = Debug|Any CPU
		{C41F26B9-3936-4823-8764-186630990707}.Debug|Any CPU.Build.0 = Debug|Any CPU
		{C41F26B9-3936-4823-8764-186630990707}.Release|Any CPU.ActiveCfg = Release|Any CPU
		{C41F26B9-3936-4823-8764-186630990707}.Release|Any CPU.Build.0 = Release|Any CPU
		{30713141-4429-4590-BE0F-191F771C2815}.Debug|Any CPU.ActiveCfg = Debug|Any CPU
		{30713141-4429-4590-BE0F-191F771C2815}.Debug|Any CPU.Build.0 = Debug|Any CPU
		{30713141-4429-4590-BE0F-191F771C2815}.Release|Any CPU.ActiveCfg = Release|Any CPU
		{30713141-4429-4590-BE0F-191F771C2815}.Release|Any CPU.Build.0 = Release|Any CPU
	EndGlobalSection
	GlobalSection(SolutionProperties) = preSolution
		HideSolutionNode = FALSE
	EndGlobalSection
	GlobalSection(ExtensibilityGlobals) = postSolution
		SolutionGuid = {0506E520-7B7C-4E58-BE79-0B1C08272769}
	EndGlobalSection
EndGlobal
